
Microsoft Visual Studio Solution File, Format Version 12.00
# Visual Studio Version 17
VisualStudioVersion = 17.7.34031.279
MinimumVisualStudioVersion = 10.0.40219.1
Project("{FAE04EC0-301F-11D3-BF4B-00C04F79EFBC}") = "RESTfulAPIDemo", "RESTfulAPIDemo\RESTfulAPIDemo.csproj", "{65918EF0-08D2-4A70-9883-FD9B31D66D8D}"
EndProject
Global
	GlobalSection(SolutionConfigurationPlatforms) = preSolution
		Debug|Any CPU = Debug|Any CPU
		Release|Any CPU = Release|Any CPU
	EndGlobalSection
	GlobalSection(ProjectConfigurationPlatforms) = postSolution
		{65918EF0-08D2-4A70-9883-FD9B31D66D8D}.Debug|Any CPU.ActiveCfg = Debug|Any CPU
		{65918EF0-08D2-4A70-9883-FD9B31D66D8D}.Debug|Any CPU.Build.0 = Debug|Any CPU
		{65918EF0-08D2-4A70-9883-FD9B31D66D8D}.Release|Any CPU.ActiveCfg = Release|Any CPU
		{65918EF0-08D2-4A70-9883-FD9B31D66D8D}.Release|Any CPU.Build.0 = Release|Any CPU
	EndGlobalSection
	GlobalSection(SolutionProperties) = preSolution
		HideSolutionNode = FALSE
	EndGlobalSection
	GlobalSection(ExtensibilityGlobals) = postSolution
		SolutionGuid = {3BD529B3-1AEC-4FA7-B499-AE9E912CA3C5}
	EndGlobalSection
EndGlobal
